
Microsoft Visual Studio Solution File, Format Version 12.00
# Visual Studio 15
VisualStudioVersion = 15.0.25914.0
MinimumVisualStudioVersion = 10.0.40219.1
Project("{FAE04EC0-301F-11D3-BF4B-00C04F79EFBC}") = "FairyZeta.Generics.PCL.SQLite", "FairyZeta.Generics.PCL.SQLite\FairyZeta.Generics.PCL.SQLite.csproj", "{8F696555-30E7-4AC2-9153-F6A930171562}"
EndProject
Project("{FAE04EC0-301F-11D3-BF4B-00C04F79EFBC}") = "FairyZeta.Generics.PCL.SQLite.TEST", "FairyZeta.Generics.PCL.SQLite.TEST\FairyZeta.Generics.PCL.SQLite.TEST.csproj", "{DB6F0C29-E744-460F-B1F6-8F2DA6617F18}"
EndProject
Project("{FAE04EC0-301F-11D3-BF4B-00C04F79EFBC}") = "FairyZeta.Generics.PCL.SQLite.Entity", "FairyZeta.Generics.PCL.SQLite.Entity\FairyZeta.Generics.PCL.SQLite.Entity.csproj", "{3A11FDA7-D4D2-4E0B-93E0-4B2A50BA3543}"
EndProject
Global
	GlobalSection(SolutionConfigurationPlatforms) = preSolution
		Debug|Any CPU = Debug|Any CPU
		Debug|x64 = Debug|x64
		Debug|x86 = Debug|x86
		Release|Any CPU = Release|Any CPU
		Release|x64 = Release|x64
		Release|x86 = Release|x86
	EndGlobalSection
	GlobalSection(ProjectConfigurationPlatforms) = postSolution
		{8F696555-30E7-4AC2-9153-F6A930171562}.Debug|Any CPU.ActiveCfg = Debug|Any CPU
		{8F696555-30E7-4AC2-9153-F6A930171562}.Debug|Any CPU.Build.0 = Debug|Any CPU
		{8F696555-30E7-4AC2-9153-F6A930171562}.Debug|x64.ActiveCfg = Debug|Any CPU
		{8F696555-30E7-4AC2-9153-F6A930171562}.Debug|x64.Build.0 = Debug|Any CPU
		{8F696555-30E7-4AC2-9153-F6A930171562}.Debug|x86.ActiveCfg = Debug|Any CPU
		{8F696555-30E7-4AC2-9153-F6A930171562}.Debug|x86.Build.0 = Debug|Any CPU
		{8F696555-30E7-4AC2-9153-F6A930171562}.Release|Any CPU.ActiveCfg = Release|Any CPU
		{8F696555-30E7-4AC2-9153-F6A930171562}.Release|Any CPU.Build.0 = Release|Any CPU
		{8F696555-30E7-4AC2-9153-F6A930171562}.Release|x64.ActiveCfg = Release|Any CPU
		{8F696555-30E7-4AC2-9153-F6A930171562}.Release|x64.Build.0 = Release|Any CPU
		{8F696555-30E7-4AC2-9153-F6A930171562}.Release|x86.ActiveCfg = Release|Any CPU
		{8F696555-30E7-4AC2-9153-F6A930171562}.Release|x86.Build.0 = Release|Any CPU
		{DB6F0C29-E744-460F-B1F6-8F2DA6617F18}.Debug|Any CPU.ActiveCfg = Debug|x86
		{DB6F0C29-E744-460F-B1F6-8F2DA6617F18}.Debug|Any CPU.Build.0 = Debug|x86
		{DB6F0C29-E744-460F-B1F6-8F2DA6617F18}.Debug|x64.ActiveCfg = Debug|x64
		{DB6F0C29-E744-460F-B1F6-8F2DA6617F18}.Debug|x64.Build.0 = Debug|x64
		{DB6F0C29-E744-460F-B1F6-8F2DA6617F18}.Debug|x86.ActiveCfg = Debug|x86
		{DB6F0C29-E744-460F-B1F6-8F2DA6617F18}.Debug|x86.Build.0 = Debug|x86
		{DB6F0C29-E744-460F-B1F6-8F2DA6617F18}.Release|Any CPU.ActiveCfg = Release|x86
		{DB6F0C29-E744-460F-B1F6-8F2DA6617F18}.Release|Any CPU.Build.0 = Release|x86
		{DB6F0C29-E744-460F-B1F6-8F2DA6617F18}.Release|x64.ActiveCfg = Release|x64
		{DB6F0C29-E744-460F-B1F6-8F2DA6617F18}.Release|x64.Build.0 = Release|x64
		{DB6F0C29-E744-460F-B1F6-8F2DA6617F18}.Release|x86.ActiveCfg = Release|x86
		{DB6F0C29-E744-460F-B1F6-8F2DA6617F18}.Release|x86.Build.0 = Release|x86
		{3A11FDA7-D4D2-4E0B-93E0-4B2A50BA3543}.Debug|Any CPU.ActiveCfg = Debug|Any CPU
		{3A11FDA7-D4D2-4E0B-93E0-4B2A50BA3543}.Debug|Any CPU.Build.0 = Debug|Any CPU
		{3A11FDA7-D4D2-4E0B-93E0-4B2A50BA3543}.Debug|x64.ActiveCfg = Debug|Any CPU
		{3A11FDA7-D4D2-4E0B-93E0-4B2A50BA3543}.Debug|x64.Build.0 = Debug|Any CPU
		{3A11FDA7-D4D2-4E0B-93E0-4B2A50BA3543}.Debug|x86.ActiveCfg = Debug|Any CPU
		{3A11FDA7-D4D2-4E0B-93E0-4B2A50BA3543}.Debug|x86.Build.0 = Debug|Any CPU
		{3A11FDA7-D4D2-4E0B-93E0-4B2A50BA3543}.Release|Any CPU.ActiveCfg = Release|Any CPU
		{3A11FDA7-D4D2-4E0B-93E0-4B2A50BA3543}.Release|Any CPU.Build.0 = Release|Any CPU
		{3A11FDA7-D4D2-4E0B-93E0-4B2A50BA3543}.Release|x64.ActiveCfg = Release|Any CPU
		{3A11FDA7-D4D2-4E0B-93E0-4B2A50BA3543}.Release|x64.Build.0 = Release|Any CPU
		{3A11FDA7-D4D2-4E0B-93E0-4B2A50BA3543}.Release|x86.ActiveCfg = Release|Any CPU
		{3A11FDA7-D4D2-4E0B-93E0-4B2A50BA3543}.Release|x86.Build.0 = Release|Any CPU
	EndGlobalSection
	GlobalSection(SolutionProperties) = preSolution
		HideSolutionNode = FALSE
	EndGlobalSection
EndGlobal
